
Microsoft Visual Studio Solution File, Format Version 12.00
# Visual Studio Version 16
VisualStudioVersion = 16.0.31129.286
MinimumVisualStudioVersion = 10.0.40219.1
Project("{FAE04EC0-301F-11D3-BF4B-00C04F79EFBC}") = "ServerTemplate", "ServerTemplate\ServerTemplate.csproj", "{6484DD25-5E4D-4C3D-9C68-CC04A722970F}"
EndProject
Global
	GlobalSection(SolutionConfigurationPlatforms) = preSolution
		Debug|Any CPU = Debug|Any CPU
		Release|Any CPU = Release|Any CPU
	EndGlobalSection
	GlobalSection(ProjectConfigurationPlatforms) = postSolution
		{6484DD25-5E4D-4C3D-9C68-CC04A722970F}.Debug|Any CPU.ActiveCfg = Debug|Any CPU
		{6484DD25-5E4D-4C3D-9C68-CC04A722970F}.Debug|Any CPU.Build.0 = Debug|Any CPU
		{6484DD25-5E4D-4C3D-9C68-CC04A722970F}.Release|Any CPU.ActiveCfg = Release|Any CPU
		{6484DD25-5E4D-4C3D-9C68-CC04A722970F}.Release|Any CPU.Build.0 = Release|Any CPU
	EndGlobalSection
	GlobalSection(SolutionProperties) = preSolution
		HideSolutionNode = FALSE
	EndGlobalSection
	GlobalSection(ExtensibilityGlobals) = postSolution
		SolutionGuid = {97EEE205-91E7-4D0A-A717-841088D40494}
	EndGlobalSection
EndGlobal
